
Microsoft Visual Studio Solution File, Format Version 12.00
# Visual Studio 15
VisualStudioVersion = 15.0.26730.3
MinimumVisualStudioVersion = 10.0.40219.1
Project("{FAE04EC0-301F-11D3-BF4B-00C04F79EFBC}") = "pdf2xml", "pdf2xml.csproj", "{3924C8CF-A1A0-466A-96CE-3091883CF61E}"
EndProject
Global
	GlobalSection(SolutionConfigurationPlatforms) = preSolution
		Debug|Any CPU = Debug|Any CPU
		Release|Any CPU = Release|Any CPU
	EndGlobalSection
	GlobalSection(ProjectConfigurationPlatforms) = postSolution
		{3924C8CF-A1A0-466A-96CE-3091883CF61E}.Debug|Any CPU.ActiveCfg = Debug|Any CPU
		{3924C8CF-A1A0-466A-96CE-3091883CF61E}.Debug|Any CPU.Build.0 = Debug|Any CPU
		{3924C8CF-A1A0-466A-96CE-3091883CF61E}.Release|Any CPU.ActiveCfg = Release|Any CPU
		{3924C8CF-A1A0-466A-96CE-3091883CF61E}.Release|Any CPU.Build.0 = Release|Any CPU
	EndGlobalSection
	GlobalSection(SolutionProperties) = preSolution
		HideSolutionNode = FALSE
	EndGlobalSection
	GlobalSection(ExtensibilityGlobals) = postSolution
		SolutionGuid = {054DBDC8-2A7D-4E7A-9906-D87A7926D015}
	EndGlobalSection
EndGlobal
